{
  "name": "jdlrobson.com",
  "version": "1.0.0",
  "lockfileVersion": 2,
  "requires": true,
  "packages": {
    "": {
      "name": "jdlrobson.com",
      "version": "1.0.0",
      "dependencies": {
        "domino": "^2.1.6",
        "node-fetch": "^2.6.1",
        "rss": "^1.2.2",
        "xml2js-es6-promise": "^1.1.1"
      }
    },
    "node_modules/domino": {
      "version": "2.1.6",
      "resolved": "https://registry.npmjs.org/domino/-/domino-2.1.6.tgz",
      "integrity": "sha512-3VdM/SXBZX2omc9JF9nOPCtDaYQ67BGp5CoLpIQlO2KCAPETs8TcDHacF26jXadGbvUteZzRTeos2fhID5+ucQ=="
    },
    "node_modules/mime-db": {
      "version": "1.25.0",
      "resolved": "https://registry.npmjs.org/mime-db/-/mime-db-1.25.0.tgz",
      "integrity": "sha512-5k547tI4Cy+Lddr/hdjNbBEWBwSl8EBc5aSdKvedav8DReADgWJzcYiktaRIw3GtGC1jjwldXtTzvqJZmtvC7w==",
      "engines": {
        "node": ">= 0.6"
      }
    },
    "node_modules/mime-types": {
      "version": "2.1.13",
      "resolved": "https://registry.npmjs.org/mime-types/-/mime-types-2.1.13.tgz",
      "integrity": "sha512-ryBDp1Z/6X90UvjUK3RksH0IBPM137T7cmg4OgD5wQBojlAiUwuok0QeELkim/72EtcYuNlmbkrcGuxj3Kl0YQ==",
      "dependencies": {
        "mime-db": "~1.25.0"
      },
      "engines": {
        "node": ">= 0.6"
      }
    },
    "node_modules/node-fetch": {
      "version": "2.6.1",
      "resolved": "https://registry.npmjs.org/node-fetch/-/node-fetch-2.6.1.tgz",
      "integrity": "sha512-V4aYg89jEoVRxRb2fJdAg8FHvI7cEyYdVAh94HH0UIK8oJxUfkjlDQN9RbMx+bEjP7+ggMiFRprSti032Oipxw==",
      "engines": {
        "node": "4.x || >=6.0.0"
      }
    },
    "node_modules/rss": {
      "version": "1.2.2",
      "resolved": "https://registry.npmjs.org/rss/-/rss-1.2.2.tgz",
      "integrity": "sha512-xUhRTgslHeCBeHAqaWSbOYTydN2f0tAzNXvzh3stjz7QDhQMzdgHf3pfgNIngeytQflrFPfy6axHilTETr6gDg==",
      "dependencies": {
        "mime-types": "2.1.13",
        "xml": "1.0.1"
      }
    },
    "node_modules/sax": {
      "version": "1.3.0",
      "resolved": "https://registry.npmjs.org/sax/-/sax-1.3.0.tgz",
      "integrity": "sha512-0s+oAmw9zLl1V1cS9BtZN7JAd0cW5e0QH4W3LWEK6a4LaLEA2OTpGYWDY+6XasBLtz6wkm3u1xRw95mRuJ59WA=="
    },
    "node_modules/xml": {
      "version": "1.0.1",
      "resolved": "https://registry.npmjs.org/xml/-/xml-1.0.1.tgz",
      "integrity": "sha512-huCv9IH9Tcf95zuYCsQraZtWnJvBtLVE0QHMOs8bWyZAFZNDcYjsPq1nEx8jKA9y+Beo9v+7OBPRisQTjinQMw=="
    },
    "node_modules/xml2js": {
      "version": "0.4.23",
      "resolved": "https://registry.npmjs.org/xml2js/-/xml2js-0.4.23.tgz",
      "integrity": "sha512-ySPiMjM0+pLDftHgXY4By0uswI3SPKLDw/i3UXbnO8M/p28zqexCUoPmQFrYD+/1BzhGJSs2i1ERWKJAtiLrug==",
      "dependencies": {
        "sax": ">=0.6.0",
        "xmlbuilder": "~11.0.0"
      },
      "engines": {
        "node": ">=4.0.0"
      }
    },
    "node_modules/xml2js-es6-promise": {
      "version": "1.1.1",
      "resolved": "https://registry.npmjs.org/xml2js-es6-promise/-/xml2js-es6-promise-1.1.1.tgz",
      "integrity": "sha512-WsQg3W1v0k37TS9ECE7dC0SsM9ZQFY+L3A5Hn1MPVxp0zNnB9iUbYsPv+JgBSFxq22BR/f6u1SMChPnMxahW+A==",
      "deprecated": "Use xml2js.parseStringPromise(data /*, options */) from the xml2js package instead. https://www.npmjs.com/package/xml2js#promise-usage",
      "dependencies": {
        "xml2js": "^0.4.16"
      }
    },
    "node_modules/xmlbuilder": {
      "version": "11.0.1",
      "resolved": "https://registry.npmjs.org/xmlbuilder/-/xmlbuilder-11.0.1.tgz",
      "integrity": "sha512-fDlsI/kFEx7gLvbecc0/ohLG50fugQp8ryHzMTuW9vSa1GJ0XYWKnhsUx7oie3G98+r56aTQIUB4kht42R3JvA==",
      "engines": {
        "node": ">=4.0"
      }
    }
  },
  "dependencies": {
    "domino": {
      "version": "2.1.6",
      "resolved": "https://registry.npmjs.org/domino/-/domino-2.1.6.tgz",
      "integrity": "sha512-3VdM/SXBZX2omc9JF9nOPCtDaYQ67BGp5CoLpIQlO2KCAPETs8TcDHacF26jXadGbvUteZzRTeos2fhID5+ucQ=="
    },
    "mime-db": {
      "version": "1.25.0",
      "resolved": "https://registry.npmjs.org/mime-db/-/mime-db-1.25.0.tgz",
      "integrity": "sha512-5k547tI4Cy+Lddr/hdjNbBEWBwSl8EBc5aSdKvedav8DReADgWJzcYiktaRIw3GtGC1jjwldXtTzvqJZmtvC7w=="
    },
    "mime-types": {
      "version": "2.1.13",
      "resolved": "https://registry.npmjs.org/mime-types/-/mime-types-2.1.13.tgz",
      "integrity": "sha512-ryBDp1Z/6X90UvjUK3RksH0IBPM137T7cmg4OgD5wQBojlAiUwuok0QeELkim/72EtcYuNlmbkrcGuxj3Kl0YQ==",
      "requires": {
        "mime-db": "~1.25.0"
      }
    },
    "node-fetch": {
      "version": "2.6.1",
      "resolved": "https://registry.npmjs.org/node-fetch/-/node-fetch-2.6.1.tgz",
      "integrity": "sha512-V4aYg89jEoVRxRb2fJdAg8FHvI7cEyYdVAh94HH0UIK8oJxUfkjlDQN9RbMx+bEjP7+ggMiFRprSti032Oipxw=="
    },
    "rss": {
      "version": "1.2.2",
      "resolved": "https://registry.npmjs.org/rss/-/rss-1.2.2.tgz",
      "integrity": "sha512-xUhRTgslHeCBeHAqaWSbOYTydN2f0tAzNXvzh3stjz7QDhQMzdgHf3pfgNIngeytQflrFPfy6axHilTETr6gDg==",
      "requires": {
        "mime-types": "2.1.13",
        "xml": "1.0.1"
      }
    },
    "sax": {
      "version": "1.3.0",
      "resolved": "https://registry.npmjs.org/sax/-/sax-1.3.0.tgz",
      "integrity": "sha512-0s+oAmw9zLl1V1cS9BtZN7JAd0cW5e0QH4W3LWEK6a4LaLEA2OTpGYWDY+6XasBLtz6wkm3u1xRw95mRuJ59WA=="
    },
    "xml": {
      "version": "1.0.1",
      "resolved": "https://registry.npmjs.org/xml/-/xml-1.0.1.tgz",
      "integrity": "sha512-huCv9IH9Tcf95zuYCsQraZtWnJvBtLVE0QHMOs8bWyZAFZNDcYjsPq1nEx8jKA9y+Beo9v+7OBPRisQTjinQMw=="
    },
    "xml2js": {
      "version": "0.4.23",
      "resolved": "https://registry.npmjs.org/xml2js/-/xml2js-0.4.23.tgz",
      "integrity": "sha512-ySPiMjM0+pLDftHgXY4By0uswI3SPKLDw/i3UXbnO8M/p28zqexCUoPmQFrYD+/1BzhGJSs2i1ERWKJAtiLrug==",
      "requires": {
        "sax": ">=0.6.0",
        "xmlbuilder": "~11.0.0"
      }
    },
    "xml2js-es6-promise": {
      "version": "1.1.1",
      "resolved": "https://registry.npmjs.org/xml2js-es6-promise/-/xml2js-es6-promise-1.1.1.tgz",
      "integrity": "sha512-WsQg3W1v0k37TS9ECE7dC0SsM9ZQFY+L3A5Hn1MPVxp0zNnB9iUbYsPv+JgBSFxq22BR/f6u1SMChPnMxahW+A==",
      "requires": {
        "xml2js": "^0.4.16"
      }
    },
    "xmlbuilder": {
      "version": "11.0.1",
      "resolved": "https://registry.npmjs.org/xmlbuilder/-/xmlbuilder-11.0.1.tgz",
      "integrity": "sha512-fDlsI/kFEx7gLvbecc0/ohLG50fugQp8ryHzMTuW9vSa1GJ0XYWKnhsUx7oie3G98+r56aTQIUB4kht42R3JvA=="
    }
  }
}
